
Microsoft Visual Studio Solution File, Format Version 12.00
# Visual Studio Version 16
VisualStudioVersion = 16.0.31702.278
MinimumVisualStudioVersion = 10.0.40219.1
Project("{FAE04EC0-301F-11D3-BF4B-00C04F79EFBC}") = "AsymmetricCryptography", "AsymmetricCryptography\AsymmetricCryptography.csproj", "{BC286655-1794-4CB4-AA52-0CF253C30771}"
EndProject
Global
	GlobalSection(SolutionConfigurationPlatforms) = preSolution
		Debug|Any CPU = Debug|Any CPU
		Release|Any CPU = Release|Any CPU
	EndGlobalSection
	GlobalSection(ProjectConfigurationPlatforms) = postSolution
		{BC286655-1794-4CB4-AA52-0CF253C30771}.Debug|Any CPU.ActiveCfg = Debug|Any CPU
		{BC286655-1794-4CB4-AA52-0CF253C30771}.Debug|Any CPU.Build.0 = Debug|Any CPU
		{BC286655-1794-4CB4-AA52-0CF253C30771}.Release|Any CPU.ActiveCfg = Release|Any CPU
		{BC286655-1794-4CB4-AA52-0CF253C30771}.Release|Any CPU.Build.0 = Release|Any CPU
	EndGlobalSection
	GlobalSection(SolutionProperties) = preSolution
		HideSolutionNode = FALSE
	EndGlobalSection
	GlobalSection(ExtensibilityGlobals) = postSolution
		SolutionGuid = {171F046D-A413-4541-9B54-2158D8FACEB7}
	EndGlobalSection
EndGlobal
